Microsoft Visual Studio Solution File, Format Version 12.00
# Visual Studio 2012
Project("{FAE04EC0-301F-11D3-BF4B-00C04F79EFBC}") = "tallerDeProgra", "tallerDeProgra.csproj", "{AFC07CB6-DD56-47EE-8E38-064F96C3FA8A}"
EndProject
Global
	GlobalSection(SolutionConfigurationPlatforms) = preSolution
	Debug|Any CPU = Debug|Any CPU
	ExportDebug|Any CPU = ExportDebug|Any CPU
	ExportRelease|Any CPU = ExportRelease|Any CPU
	EndGlobalSection
	GlobalSection(ProjectConfigurationPlatforms) = postSolution
		{AFC07CB6-DD56-47EE-8E38-064F96C3FA8A}.Debug|Any CPU.ActiveCfg = Debug|Any CPU
		{AFC07CB6-DD56-47EE-8E38-064F96C3FA8A}.Debug|Any CPU.Build.0 = Debug|Any CPU
		{AFC07CB6-DD56-47EE-8E38-064F96C3FA8A}.ExportDebug|Any CPU.ActiveCfg = ExportDebug|Any CPU
		{AFC07CB6-DD56-47EE-8E38-064F96C3FA8A}.ExportDebug|Any CPU.Build.0 = ExportDebug|Any CPU
		{AFC07CB6-DD56-47EE-8E38-064F96C3FA8A}.ExportRelease|Any CPU.ActiveCfg = ExportRelease|Any CPU
		{AFC07CB6-DD56-47EE-8E38-064F96C3FA8A}.ExportRelease|Any CPU.Build.0 = ExportRelease|Any CPU
	EndGlobalSection
EndGlobal
